// !$*UTF8*$!
{
	archiveVersion = 1;
	classes = {
	};
	objectVersion = 55;
	objects = {

/* Begin PBXBuildFile section */
		4B023A7827F3110700DA100B /* any_workout_projectApp.swift in Sources */ = {isa = PBXBuildFile; fileRef = 4B023A7727F3110700DA100B /* any_workout_projectApp.swift */; };
		4B023A7A27F3110700DA100B /* ContentView.swift in Sources */ = {isa = PBXBuildFile; fileRef = 4B023A7927F3110700DA100B /* ContentView.swift */; };
		4B023A7C27F3110800DA100B /* Assets.xcassets in Resources */ = {isa = PBXBuildFile; fileRef = 4B023A7B27F3110800DA100B /* Assets.xcassets */; };
		4B023A7F27F3110800DA100B /* Preview Assets.xcassets in Resources */ = {isa = PBXBuildFile; fileRef = 4B023A7E27F3110800DA100B /* Preview Assets.xcassets */; };
		4B4B740228014FCB0004D41E /* WorkoutRow.swift in Sources */ = {isa = PBXBuildFile; fileRef = 4B4B740128014FCB0004D41E /* WorkoutRow.swift */; };
		4B935E48280148550068887A /* Workout.swift in Sources */ = {isa = PBXBuildFile; fileRef = 4B935E47280148550068887A /* Workout.swift */; };
		4B935E4A280149B50068887A /* WorkoutList.swift in Sources */ = {isa = PBXBuildFile; fileRef = 4B935E49280149B40068887A /* WorkoutList.swift */; };
		4B935E4C28014A140068887A /* WorkoutDetail.swift in Sources */ = {isa = PBXBuildFile; fileRef = 4B935E4B28014A140068887A /* WorkoutDetail.swift */; };
		4BDBCC06280154CD0084B544 /* CreateWorkout.swift in Sources */ = {isa = PBXBuildFile; fileRef = 4BDBCC05280154CD0084B544 /* CreateWorkout.swift */; };
		4BDBCC08280156C00084B544 /* Exercise.swift in Sources */ = {isa = PBXBuildFile; fileRef = 4BDBCC07280156C00084B544 /* Exercise.swift */; };
		4BDBCC0C2801581D0084B544 /* ExerciseRow.swift in Sources */ = {isa = PBXBuildFile; fileRef = 4BDBCC0B2801581D0084B544 /* ExerciseRow.swift */; };
/* End PBXBuildFile section */

/* Begin PBXFileReference section */
		4B023A7427F3110700DA100B /* any-workout-project.app */ = {isa = PBXFileReference; explicitFileType = wrapper.application; includeInIndex = 0; path = "any-workout-project.app"; sourceTree = BUILT_PRODUCTS_DIR; };
		4B023A7727F3110700DA100B /* any_workout_projectApp.swift */ = {isa = PBXFileReference; lastKnownFileType = sourcecode.swift; path = any_workout_projectApp.swift; sourceTree = "<group>"; };
		4B023A7927F3110700DA100B /* ContentView.swift */ = {isa = PBXFileReference; lastKnownFileType = sourcecode.swift; path = ContentView.swift; sourceTree = "<group>"; };
		4B023A7B27F3110800DA100B /* Assets.xcassets */ = {isa = PBXFileReference; lastKnownFileType = folder.assetcatalog; path = Assets.xcassets; sourceTree = "<group>"; };
		4B023A7E27F3110800DA100B /* Preview Assets.xcassets */ = {isa = PBXFileReference; lastKnownFileType = folder.assetcatalog; path = "Preview Assets.xcassets"; sourceTree = "<group>"; };
		4B4B740128014FCB0004D41E /* WorkoutRow.swift */ = {isa = PBXFileReference; lastKnownFileType = sourcecode.swift; path = WorkoutRow.swift; sourceTree = "<group>"; };
		4B935E47280148550068887A /* Workout.swift */ = {isa = PBXFileReference; lastKnownFileType = sourcecode.swift; path = Workout.swift; sourceTree = "<group>"; };
		4B935E49280149B40068887A /* WorkoutList.swift */ = {isa = PBXFileReference; lastKnownFileType = sourcecode.swift; path = WorkoutList.swift; sourceTree = "<group>"; };
		4B935E4B28014A140068887A /* WorkoutDetail.swift */ = {isa = PBXFileReference; lastKnownFileType = sourcecode.swift; path = WorkoutDetail.swift; sourceTree = "<group>"; };
		4BDBCC05280154CD0084B544 /* CreateWorkout.swift */ = {isa = PBXFileReference; lastKnownFileType = sourcecode.swift; path = CreateWorkout.swift; sourceTree = "<group>"; };
		4BDBCC07280156C00084B544 /* Exercise.swift */ = {isa = PBXFileReference; lastKnownFileType = sourcecode.swift; path = Exercise.swift; sourceTree = "<group>"; };
		4BDBCC0B2801581D0084B544 /* ExerciseRow.swift */ = {isa = PBXFileReference; lastKnownFileType = sourcecode.swift; path = ExerciseRow.swift; sourceTree = "<group>"; };
/* End PBXFileReference section */

/* Begin PBXFrameworksBuildPhase section */
		4B023A7127F3110700DA100B /* Frameworks */ = {
			isa = PBXFrameworksBuildPhase;
			buildActionMask = 2147483647;
			files = (
			);
			runOnlyForDeploymentPostprocessing = 0;
		};
/* End PBXFrameworksBuildPhase section */

/* Begin PBXGroup section */
		4B023A6B27F3110700DA100B = {
			isa = PBXGroup;
			children = (
				4B023A7627F3110700DA100B /* any-workout-project */,
				4B023A7527F3110700DA100B /* Products */,
			);
			sourceTree = "<group>";
		};
		4B023A7527F3110700DA100B /* Products */ = {
			isa = PBXGroup;
			children = (
				4B023A7427F3110700DA100B /* any-workout-project.app */,
			);
			name = Products;
			sourceTree = "<group>";
		};
		4B023A7627F3110700DA100B /* any-workout-project */ = {
			isa = PBXGroup;
			children = (
				4B935E46280148400068887A /* Model */,
				4B935E452801483C0068887A /* Views */,
				4B935E442801482D0068887A /* Data */,
				4B023A7727F3110700DA100B /* any_workout_projectApp.swift */,
				4B023A7B27F3110800DA100B /* Assets.xcassets */,
				4B023A7D27F3110800DA100B /* Preview Content */,
			);
			path = "any-workout-project";
			sourceTree = "<group>";
		};
		4B023A7D27F3110800DA100B /* Preview Content */ = {
			isa = PBXGroup;
			children = (
				4B023A7E27F3110800DA100B /* Preview Assets.xcassets */,
			);
			path = "Preview Content";
			sourceTree = "<group>";
		};
		4B4B740028014FBC0004D41E /* Workout */ = {
			isa = PBXGroup;
			children = (
				4B935E49280149B40068887A /* WorkoutList.swift */,
				4B935E4B28014A140068887A /* WorkoutDetail.swift */,
				4B4B740128014FCB0004D41E /* WorkoutRow.swift */,
				4BDBCC05280154CD0084B544 /* CreateWorkout.swift */,
				4BDBCC0B2801581D0084B544 /* ExerciseRow.swift */,
			);
			path = Workout;
			sourceTree = "<group>";
		};
		4B935E442801482D0068887A /* Data */ = {
			isa = PBXGroup;
			children = (
			);
			path = Data;
			sourceTree = "<group>";
		};
		4B935E452801483C0068887A /* Views */ = {
			isa = PBXGroup;
			children = (
				4B4B740028014FBC0004D41E /* Workout */,
				4B023A7927F3110700DA100B /* ContentView.swift */,
			);
			path = Views;
			sourceTree = "<group>";
		};
		4B935E46280148400068887A /* Model */ = {
			isa = PBXGroup;
			children = (
				4B935E47280148550068887A /* Workout.swift */,
				4BDBCC07280156C00084B544 /* Exercise.swift */,
			);
			path = Model;
			sourceTree = "<group>";
		};
/* End PBXGroup section */

/* Begin PBXNativeTarget section */
		4B023A7327F3110700DA100B /* any-workout-project */ = {
			isa = PBXNativeTarget;
			buildConfigurationList = 4B023A8227F3110800DA100B /* Build configuration list for PBXNativeTarget "any-workout-project" */;
			buildPhases = (
				4B023A7027F3110700DA100B /* Sources */,
				4B023A7127F3110700DA100B /* Frameworks */,
				4B023A7227F3110700DA100B /* Resources */,
			);
			buildRules = (
			);
			dependencies = (
			);
			name = "any-workout-project";
			productName = "any-workout-project";
			productReference = 4B023A7427F3110700DA100B /* any-workout-project.app */;
			productType = "com.apple.product-type.application";
		};
/* End PBXNativeTarget section */

/* Begin PBXProject section */
		4B023A6C27F3110700DA100B /* Project object */ = {
			isa = PBXProject;
			attributes = {
				BuildIndependentTargetsInParallel = 1;
				LastSwiftUpdateCheck = 1330;
				LastUpgradeCheck = 1330;
				TargetAttributes = {
					4B023A7327F3110700DA100B = {
						CreatedOnToolsVersion = 13.3;
					};
				};
			};
			buildConfigurationList = 4B023A6F27F3110700DA100B /* Build configuration list for PBXProject "any-workout-project" */;
			compatibilityVersion = "Xcode 13.0";
			developmentRegion = en;
			hasScannedForEncodings = 0;
			knownRegions = (
				en,
				Base,
			);
			mainGroup = 4B023A6B27F3110700DA100B;
			productRefGroup = 4B023A7527F3110700DA100B /* Products */;
			projectDirPath = "";
			projectRoot = "";
			targets = (
				4B023A7327F3110700DA100B /* any-workout-project */,
			);
		};
/* End PBXProject section */

/* Begin PBXResourcesBuildPhase section */
		4B023A7227F3110700DA100B /* Resources */ = {
			isa = PBXResourcesBuildPhase;
			buildActionMask = 2147483647;
			files = (
				4B023A7F27F3110800DA100B /* Preview Assets.xcassets in Resources */,
				4B023A7C27F3110800DA100B /* Assets.xcassets in Resources */,
			);
			runOnlyForDeploymentPostprocessing = 0;
		};
/* End PBXResourcesBuildPhase section */

/* Begin PBXSourcesBuildPhase section */
		4B023A7027F3110700DA100B /* Sources */ = {
			isa = PBXSourcesBuildPhase;
			buildActionMask = 2147483647;
			files = (
				4B023A7A27F3110700DA100B /* ContentView.swift in Sources */,
				4BDBCC0C2801581D0084B544 /* ExerciseRow.swift in Sources */,
				4BDBCC08280156C00084B544 /* Exercise.swift in Sources */,
				4B023A7827F3110700DA100B /* any_workout_projectApp.swift in Sources */,
				4B935E48280148550068887A /* Workout.swift in Sources */,
				4B935E4C28014A140068887A /* WorkoutDetail.swift in Sources */,
				4B4B740228014FCB0004D41E /* WorkoutRow.swift in Sources */,
				4B935E4A280149B50068887A /* WorkoutList.swift in Sources */,
				4BDBCC06280154CD0084B544 /* CreateWorkout.swift in Sources */,
			);
			runOnlyForDeploymentPostprocessing = 0;
		};
/* End PBXSourcesBuildPhase section */

/* Begin XCBuildConfiguration section */
		4B023A8027F3110800DA100B /* Debug */ = {
			isa = XCBuildConfiguration;
			buildSettings = {
				ALWAYS_SEARCH_USER_PATHS = NO;
				CLANG_ANALYZER_NONNULL = YES;
				CLANG_ANALYZER_NUMBER_OBJECT_CONVERSION = YES_AGGRESSIVE;
				CLANG_CXX_LANGUAGE_STANDARD = "gnu++17";
				CLANG_ENABLE_MODULES = YES;
				CLANG_ENABLE_OBJC_ARC = YES;
				CLANG_ENABLE_OBJC_WEAK = YES;
				CLANG_WARN_BLOCK_CAPTURE_AUTORELEASING = YES;
				CLANG_WARN_BOOL_CONVERSION = YES;
				CLANG_WARN_COMMA = YES;
				CLANG_WARN_CONSTANT_CONVERSION = YES;
				CLANG_WARN_DEPRECATED_OBJC_IMPLEMENTATIONS = YES;
				CLANG_WARN_DIRECT_OBJC_ISA_USAGE = YES_ERROR;
				CLANG_WARN_DOCUMENTATION_COMMENTS = YES;
				CLANG_WARN_EMPTY_BODY = YES;
				CLANG_WARN_ENUM_CONVERSION = YES;
				CLANG_WARN_INFINITE_RECURSION = YES;
				CLANG_WARN_INT_CONVERSION = YES;
				CLANG_WARN_NON_LITERAL_NULL_CONVERSION = YES;
				CLANG_WARN_OBJC_IMPLICIT_RETAIN_SELF = YES;
				CLANG_WARN_OBJC_LITERAL_CONVERSION = YES;
				CLANG_WARN_OBJC_ROOT_CLASS = YES_ERROR;
				CLANG_WARN_QUOTED_INCLUDE_IN_FRAMEWORK_HEADER = YES;
				CLANG_WARN_RANGE_LOOP_ANALYSIS = YES;
				CLANG_WARN_STRICT_PROTOTYPES = YES;
				CLANG_WARN_SUSPICIOUS_MOVE = YES;
				CLANG_WARN_UNGUARDED_AVAILABILITY = YES_AGGRESSIVE;
				CLANG_WARN_UNREACHABLE_CODE = YES;
				CLANG_WARN__DUPLICATE_METHOD_MATCH = YES;
				COPY_PHASE_STRIP = NO;
				DEBUG_INFORMATION_FORMAT = dwarf;
				ENABLE_STRICT_OBJC_MSGSEND = YES;
				ENABLE_TESTABILITY = YES;
				GCC_C_LANGUAGE_STANDARD = gnu11;
				GCC_DYNAMIC_NO_PIC = NO;
				GCC_NO_COMMON_BLOCKS = YES;
				GCC_OPTIMIZATION_LEVEL = 0;
				GCC_PREPROCESSOR_DEFINITIONS = (
					"DEBUG=1",
					"$(inherited)",
				);
				GCC_WARN_64_TO_32_BIT_CONVERSION = YES;
				GCC_WARN_ABOUT_RETURN_TYPE = YES_ERROR;
				GCC_WARN_UNDECLARED_SELECTOR = YES;
				GCC_WARN_UNINITIALIZED_AUTOS = YES_AGGRESSIVE;
				GCC_WARN_UNUSED_FUNCTION = YES;
				GCC_WARN_UNUSED_VARIABLE = YES;
				IPHONEOS_DEPLOYMENT_TARGET = 15.4;
				MTL_ENABLE_DEBUG_INFO = INCLUDE_SOURCE;
				MTL_FAST_MATH = YES;
				ONLY_ACTIVE_ARCH = YES;
				SDKROOT = iphoneos;
				SWIFT_ACTIVE_COMPILATION_CONDITIONS = DEBUG;
				SWIFT_OPTIMIZATION_LEVEL = "-Onone";
			};
			name = Debug;
		};
		4B023A8127F3110800DA100B /* Release */ = {
			isa = XCBuildConfiguration;
			buildSettings = {
				ALWAYS_SEARCH_USER_PATHS = NO;
				CLANG_ANALYZER_NONNULL = YES;
				CLANG_ANALYZER_NUMBER_OBJECT_CONVERSION = YES_AGGRESSIVE;
				CLANG_CXX_LANGUAGE_STANDARD = "gnu++17";
				CLANG_ENABLE_MODULES = YES;
				CLANG_ENABLE_OBJC_ARC = YES;
				CLANG_ENABLE_OBJC_WEAK = YES;
				CLANG_WARN_BLOCK_CAPTURE_AUTORELEASING = YES;
				CLANG_WARN_BOOL_CONVERSION = YES;
				CLANG_WARN_COMMA = YES;
				CLANG_WARN_CONSTANT_CONVERSION = YES;
				CLANG_WARN_DEPRECATED_OBJC_IMPLEMENTATIONS = YES;
				CLANG_WARN_DIRECT_OBJC_ISA_USAGE = YES_ERROR;
				CLANG_WARN_DOCUMENTATION_COMMENTS = YES;
				CLANG_WARN_EMPTY_BODY = YES;
				CLANG_WARN_ENUM_CONVERSION = YES;
				CLANG_WARN_INFINITE_RECURSION = YES;
				CLANG_WARN_INT_CONVERSION = YES;
				CLANG_WARN_NON_LITERAL_NULL_CONVERSION = YES;
				CLANG_WARN_OBJC_IMPLICIT_RETAIN_SELF = YES;
				CLANG_WARN_OBJC_LITERAL_CONVERSION = YES;
				CLANG_WARN_OBJC_ROOT_CLASS = YES_ERROR;
				CLANG_WARN_QUOTED_INCLUDE_IN_FRAMEWORK_HEADER = YES;
				CLANG_WARN_RANGE_LOOP_ANALYSIS = YES;
				CLANG_WARN_STRICT_PROTOTYPES = YES;
				CLANG_WARN_SUSPICIOUS_MOVE = YES;
				CLANG_WARN_UNGUARDED_AVAILABILITY = YES_AGGRESSIVE;
				CLANG_WARN_UNREACHABLE_CODE = YES;
				CLANG_WARN__DUPLICATE_METHOD_MATCH = YES;
				COPY_PHASE_STRIP = NO;
				DEBUG_INFORMATION_FORMAT = "dwarf-with-dsym";
				ENABLE_NS_ASSERTIONS = NO;
				ENABLE_STRICT_OBJC_MSGSEND = YES;
				GCC_C_LANGUAGE_STANDARD = gnu11;
				GCC_NO_COMMON_BLOCKS = YES;
				GCC_WARN_64_TO_32_BIT_CONVERSION = YES;
				GCC_WARN_ABOUT_RETURN_TYPE = YES_ERROR;
				GCC_WARN_UNDECLARED_SELECTOR = YES;
				GCC_WARN_UNINITIALIZED_AUTOS = YES_AGGRESSIVE;
				GCC_WARN_UNUSED_FUNCTION = YES;
				GCC_WARN_UNUSED_VARIABLE = YES;
				IPHONEOS_DEPLOYMENT_TARGET = 15.4;
				MTL_ENABLE_DEBUG_INFO = NO;
				MTL_FAST_MATH = YES;
				SDKROOT = iphoneos;
				SWIFT_COMPILATION_MODE = wholemodule;
				SWIFT_OPTIMIZATION_LEVEL = "-O";
				VALIDATE_PRODUCT = YES;
			};
			name = Release;
		};
		4B023A8327F3110800DA100B /* Debug */ = {
			isa = XCBuildConfiguration;
			buildSettings = {
				ASSETCATALOG_COMPILER_APPICON_NAME = AppIcon;
				ASSETCATALOG_COMPILER_GLOBAL_ACCENT_COLOR_NAME = AccentColor;
				CODE_SIGN_STYLE = Automatic;
				CURRENT_PROJECT_VERSION = 1;
				DEVELOPMENT_ASSET_PATHS = "\"any-workout-project/Preview Content\"";
				DEVELOPMENT_TEAM = P9TVSH3F53;
				ENABLE_PREVIEWS = YES;
				GENERATE_INFOPLIST_FILE = YES;
				INFOPLIST_KEY_UIApplicationSceneManifest_Generation = YES;
				INFOPLIST_KEY_UIApplicationSupportsIndirectInputEvents = YES;
				INFOPLIST_KEY_UILaunchScreen_Generation = YES;
				INFOPLIST_KEY_UISupportedInterfaceOrientations_iPad = "UIInterfaceOrientationPortrait UIInterfaceOrientationPortraitUpsideDown UIInterfaceOrientationLandscapeLeft UIInterfaceOrientationLandscapeRight";
				INFOPLIST_KEY_UISupportedInterfaceOrientations_iPhone = "UIInterfaceOrientationPortrait UIInterfaceOrientationLandscapeLeft UIInterfaceOrientationLandscapeRight";
				LD_RUNPATH_SEARCH_PATHS = (
					"$(inherited)",
					"@executable_path/Frameworks",
				);
				MARKETING_VERSION = 1.0;
				PRODUCT_BUNDLE_IDENTIFIER = "com.yuchen.any-workout-project";
				PRODUCT_NAME = "$(TARGET_NAME)";
				SWIFT_EMIT_LOC_STRINGS = YES;
				SWIFT_VERSION = 5.0;
				TARGETED_DEVICE_FAMILY = "1,2";
			};
			name = Debug;
		};
		4B023A8427F3110800DA100B /* Release */ = {
			isa = XCBuildConfiguration;
			buildSettings = {
				ASSETCATALOG_COMPILER_APPICON_NAME = AppIcon;
				ASSETCATALOG_COMPILER_GLOBAL_ACCENT_COLOR_NAME = AccentColor;
				CODE_SIGN_STYLE = Automatic;
				CURRENT_PROJECT_VERSION = 1;
				DEVELOPMENT_ASSET_PATHS = "\"any-workout-project/Preview Content\"";
				DEVELOPMENT_TEAM = P9TVSH3F53;
				ENABLE_PREVIEWS = YES;
				GENERATE_INFOPLIST_FILE = YES;
				INFOPLIST_KEY_UIApplicationSceneManifest_Generation = YES;
				INFOPLIST_KEY_UIApplicationSupportsIndirectInputEvents = YES;
				INFOPLIST_KEY_UILaunchScreen_Generation = YES;
				INFOPLIST_KEY_UISupportedInterfaceOrientations_iPad = "UIInterfaceOrientationPortrait UIInterfaceOrientationPortraitUpsideDown UIInterfaceOrientationLandscapeLeft UIInterfaceOrientationLandscapeRight";
				INFOPLIST_KEY_UISupportedInterfaceOrientations_iPhone = "UIInterfaceOrientationPortrait UIInterfaceOrientationLandscapeLeft UIInterfaceOrientationLandscapeRight";
				LD_RUNPATH_SEARCH_PATHS = (
					"$(inherited)",
					"@executable_path/Frameworks",
				);
				MARKETING_VERSION = 1.0;
				PRODUCT_BUNDLE_IDENTIFIER = "com.yuchen.any-workout-project";
				PRODUCT_NAME = "$(TARGET_NAME)";
				SWIFT_EMIT_LOC_STRINGS = YES;
				SWIFT_VERSION = 5.0;
				TARGETED_DEVICE_FAMILY = "1,2";
			};
			name = Release;
		};
/* End XCBuildConfiguration section */

/* Begin XCConfigurationList section */
		4B023A6F27F3110700DA100B /* Build configuration list for PBXProject "any-workout-project" */ = {
			isa = XCConfigurationList;
			buildConfigurations = (
				4B023A8027F3110800DA100B /* Debug */,
				4B023A8127F3110800DA100B /* Release */,
			);
			defaultConfigurationIsVisible = 0;
			defaultConfigurationName = Release;
		};
		4B023A8227F3110800DA100B /* Build configuration list for PBXNativeTarget "any-workout-project" */ = {
			isa = XCConfigurationList;
			buildConfigurations = (
				4B023A8327F3110800DA100B /* Debug */,
				4B023A8427F3110800DA100B /* Release */,
			);
			defaultConfigurationIsVisible = 0;
			defaultConfigurationName = Release;
		};
/* End XCConfigurationList section */
	};
	rootObject = 4B023A6C27F3110700DA100B /* Project object */;
}
